
Microsoft Visual Studio Solution File, Format Version 12.00
# Visual Studio Version 16
VisualStudioVersion = 16.0.30717.126
MinimumVisualStudioVersion = 10.0.40219.1
Project("{FAE04EC0-301F-11D3-BF4B-00C04F79EFBC}") = "MISA.CukCuk.Web", "MISA.CukCuk.Web\MISA.CukCuk.Web.csproj", "{1930F0CD-C089-45B8-BF73-F815E0D27753}"
EndProject
Global
	GlobalSection(SolutionConfigurationPlatforms) = preSolution
		Debug|Any CPU = Debug|Any CPU
		Release|Any CPU = Release|Any CPU
	EndGlobalSection
	GlobalSection(ProjectConfigurationPlatforms) = postSolution
		{1930F0CD-C089-45B8-BF73-F815E0D27753}.Debug|Any CPU.ActiveCfg = Debug|Any CPU
		{1930F0CD-C089-45B8-BF73-F815E0D27753}.Debug|Any CPU.Build.0 = Debug|Any CPU
		{1930F0CD-C089-45B8-BF73-F815E0D27753}.Release|Any CPU.ActiveCfg = Release|Any CPU
		{1930F0CD-C089-45B8-BF73-F815E0D27753}.Release|Any CPU.Build.0 = Release|Any CPU
	EndGlobalSection
	GlobalSection(SolutionProperties) = preSolution
		HideSolutionNode = FALSE
	EndGlobalSection
	GlobalSection(ExtensibilityGlobals) = postSolution
		SolutionGuid = {592B5873-B55E-4609-BA69-15A476320724}
	EndGlobalSection
EndGlobal
