
Microsoft Visual Studio Solution File, Format Version 12.00
# Visual Studio Version 16
VisualStudioVersion = 16.0.30717.126
MinimumVisualStudioVersion = 10.0.40219.1
Project("{E24C65DC-7377-472B-9ABA-BC803B73C61A}") = "MISA.CUKCUK", "http://localhost:54214", "{50066334-38E3-4E78-A06F-2C925D6030D2}"
	ProjectSection(WebsiteProperties) = preProject
		UseIISExpress = "true"
		TargetFrameworkMoniker = ".NETFramework,Version%3Dv4.0"
		Debug.AspNetCompiler.VirtualPath = "/localhost_54214"
		Debug.AspNetCompiler.PhysicalPath = "D:\OneDrive\Workspace\MISA_WDT2020\Projects\NQDAT_MS1-41\MISA.CUKCUK\"
		Debug.AspNetCompiler.TargetPath = "PrecompiledWeb\localhost_54214\"
		Debug.AspNetCompiler.Updateable = "true"
		Debug.AspNetCompiler.ForceOverwrite = "true"
		Debug.AspNetCompiler.FixedNames = "false"
		Debug.AspNetCompiler.Debug = "True"
		Release.AspNetCompiler.VirtualPath = "/localhost_54214"
		Release.AspNetCompiler.PhysicalPath = "D:\OneDrive\Workspace\MISA_WDT2020\Projects\NQDAT_MS1-41\MISA.CUKCUK\"
		Release.AspNetCompiler.TargetPath = "PrecompiledWeb\localhost_54214\"
		Release.AspNetCompiler.Updateable = "true"
		Release.AspNetCompiler.ForceOverwrite = "true"
		Release.AspNetCompiler.FixedNames = "false"
		Release.AspNetCompiler.Debug = "False"
		SlnRelativePath = "D:\OneDrive\Workspace\MISA_WDT2020\Projects\NQDAT_MS1-41\MISA.CUKCUK\"
	EndProjectSection
EndProject
Global
	GlobalSection(SolutionConfigurationPlatforms) = preSolution
		Debug|Any CPU = Debug|Any CPU
	EndGlobalSection
	GlobalSection(ProjectConfigurationPlatforms) = postSolution
		{50066334-38E3-4E78-A06F-2C925D6030D2}.Debug|Any CPU.ActiveCfg = Debug|Any CPU
		{50066334-38E3-4E78-A06F-2C925D6030D2}.Debug|Any CPU.Build.0 = Debug|Any CPU
	EndGlobalSection
	GlobalSection(SolutionProperties) = preSolution
		HideSolutionNode = FALSE
	EndGlobalSection
	GlobalSection(ExtensibilityGlobals) = postSolution
		SolutionGuid = {39E25D92-B50A-4BE0-A7E2-D973E4A09663}
	EndGlobalSection
EndGlobal
