
Microsoft Visual Studio Solution File, Format Version 12.00
# Visual Studio Version 16
VisualStudioVersion = 16.0.30717.126
MinimumVisualStudioVersion = 10.0.40219.1
Project("{9A19103F-16F7-4668-BE54-9A1E7A4F7556}") = "MISA.CukCuk.Api", "MISA.CukCuk.Api.csproj", "{04A09934-812F-4F75-BCAB-6BAF406F9317}"
EndProject
Project("{FAE04EC0-301F-11D3-BF4B-00C04F79EFBC}") = "MISA.DL", "..\MISA.DL\MISA.DL.csproj", "{9C95BF04-5A55-40E8-AF4F-7A6357B1305D}"
EndProject
Project("{FAE04EC0-301F-11D3-BF4B-00C04F79EFBC}") = "MISA.BL", "..\MISA.BL\MISA.BL.csproj", "{69068C8A-A8AB-4B1C-96A6-68C5D68D6467}"
EndProject
Project("{FAE04EC0-301F-11D3-BF4B-00C04F79EFBC}") = "MISA.Common", "..\MISA.Common\MISA.Common.csproj", "{D65B8E09-B3EE-480E-A67A-008180428883}"
EndProject
Global
	GlobalSection(SolutionConfigurationPlatforms) = preSolution
		Debug|Any CPU = Debug|Any CPU
		Release|Any CPU = Release|Any CPU
	EndGlobalSection
	GlobalSection(ProjectConfigurationPlatforms) = postSolution
		{04A09934-812F-4F75-BCAB-6BAF406F9317}.Debug|Any CPU.ActiveCfg = Debug|Any CPU
		{04A09934-812F-4F75-BCAB-6BAF406F9317}.Debug|Any CPU.Build.0 = Debug|Any CPU
		{04A09934-812F-4F75-BCAB-6BAF406F9317}.Release|Any CPU.ActiveCfg = Release|Any CPU
		{04A09934-812F-4F75-BCAB-6BAF406F9317}.Release|Any CPU.Build.0 = Release|Any CPU
		{9C95BF04-5A55-40E8-AF4F-7A6357B1305D}.Debug|Any CPU.ActiveCfg = Debug|Any CPU
		{9C95BF04-5A55-40E8-AF4F-7A6357B1305D}.Debug|Any CPU.Build.0 = Debug|Any CPU
		{9C95BF04-5A55-40E8-AF4F-7A6357B1305D}.Release|Any CPU.ActiveCfg = Release|Any CPU
		{9C95BF04-5A55-40E8-AF4F-7A6357B1305D}.Release|Any CPU.Build.0 = Release|Any CPU
		{69068C8A-A8AB-4B1C-96A6-68C5D68D6467}.Debug|Any CPU.ActiveCfg = Debug|Any CPU
		{69068C8A-A8AB-4B1C-96A6-68C5D68D6467}.Debug|Any CPU.Build.0 = Debug|Any CPU
		{69068C8A-A8AB-4B1C-96A6-68C5D68D6467}.Release|Any CPU.ActiveCfg = Release|Any CPU
		{69068C8A-A8AB-4B1C-96A6-68C5D68D6467}.Release|Any CPU.Build.0 = Release|Any CPU
		{D65B8E09-B3EE-480E-A67A-008180428883}.Debug|Any CPU.ActiveCfg = Debug|Any CPU
		{D65B8E09-B3EE-480E-A67A-008180428883}.Debug|Any CPU.Build.0 = Debug|Any CPU
		{D65B8E09-B3EE-480E-A67A-008180428883}.Release|Any CPU.ActiveCfg = Release|Any CPU
		{D65B8E09-B3EE-480E-A67A-008180428883}.Release|Any CPU.Build.0 = Release|Any CPU
	EndGlobalSection
	GlobalSection(SolutionProperties) = preSolution
		HideSolutionNode = FALSE
	EndGlobalSection
	GlobalSection(ExtensibilityGlobals) = postSolution
		SolutionGuid = {E2A2E7C0-F991-43F8-A654-C1991B32BCB0}
	EndGlobalSection
EndGlobal
